// !$*UTF8*$!
{
	archiveVersion = 1;
	classes = {
	};
	objectVersion = 48;
	objects = {

/* Begin PBXBuildFile section */
		048659CB1F972E3700EB63BE /* test.c in Sources */ = {isa = PBXBuildFile; fileRef = 048659CA1F972E3700EB63BE /* test.c */; };
		04BB872D1F8DF06C00DF2CB4 /* main.c in Sources */ = {isa = PBXBuildFile; fileRef = 04BB872C1F8DF06C00DF2CB4 /* main.c */; };
		04BB87341F8DF09400DF2CB4 /* http_parser.c in Sources */ = {isa = PBXBuildFile; fileRef = 04BB87331F8DF09400DF2CB4 /* http_parser.c */; };
		04BB87391F8DF16500DF2CB4 /* url_parser.c in Sources */ = {isa = PBXBuildFile; fileRef = 04BB87381F8DF16500DF2CB4 /* url_parser.c */; };
/* End PBXBuildFile section */

/* Begin PBXCopyFilesBuildPhase section */
		04BB87271F8DF06C00DF2CB4 /* CopyFiles */ = {
			isa = PBXCopyFilesBuildPhase;
			buildActionMask = 2147483647;
			dstPath = /usr/share/man/man1/;
			dstSubfolderSpec = 0;
			files = (
			);
			runOnlyForDeploymentPostprocessing = 1;
		};
/* End PBXCopyFilesBuildPhase section */

/* Begin PBXFileReference section */
		048659CA1F972E3700EB63BE /* test.c */ = {isa = PBXFileReference; fileEncoding = 4; lastKnownFileType = sourcecode.c.c; path = test.c; sourceTree = "<group>"; };
		04BB87291F8DF06C00DF2CB4 /* E_HTTP */ = {isa = PBXFileReference; explicitFileType = "compiled.mach-o.executable"; includeInIndex = 0; path = E_HTTP; sourceTree = BUILT_PRODUCTS_DIR; };
		04BB872C1F8DF06C00DF2CB4 /* main.c */ = {isa = PBXFileReference; lastKnownFileType = sourcecode.c.c; path = main.c; sourceTree = "<group>"; };
		04BB87331F8DF09400DF2CB4 /* http_parser.c */ = {isa = PBXFileReference; lastKnownFileType = sourcecode.c.c; path = http_parser.c; sourceTree = "<group>"; };
		04BB87351F8DF09A00DF2CB4 /* http_parser.h */ = {isa = PBXFileReference; lastKnownFileType = sourcecode.c.h; path = http_parser.h; sourceTree = "<group>"; };
		04BB87381F8DF16500DF2CB4 /* url_parser.c */ = {isa = PBXFileReference; lastKnownFileType = sourcecode.c.c; path = url_parser.c; sourceTree = "<group>"; };
/* End PBXFileReference section */

/* Begin PBXFrameworksBuildPhase section */
		04BB87261F8DF06C00DF2CB4 /* Frameworks */ = {
			isa = PBXFrameworksBuildPhase;
			buildActionMask = 2147483647;
			files = (
			);
			runOnlyForDeploymentPostprocessing = 0;
		};
/* End PBXFrameworksBuildPhase section */

/* Begin PBXGroup section */
		04BB87201F8DF06C00DF2CB4 = {
			isa = PBXGroup;
			children = (
				04BB872B1F8DF06C00DF2CB4 /* E_HTTP */,
				04BB872A1F8DF06C00DF2CB4 /* Products */,
			);
			sourceTree = "<group>";
		};
		04BB872A1F8DF06C00DF2CB4 /* Products */ = {
			isa = PBXGroup;
			children = (
				04BB87291F8DF06C00DF2CB4 /* E_HTTP */,
			);
			name = Products;
			sourceTree = "<group>";
		};
		04BB872B1F8DF06C00DF2CB4 /* E_HTTP */ = {
			isa = PBXGroup;
			children = (
				04BB872C1F8DF06C00DF2CB4 /* main.c */,
				04BB87351F8DF09A00DF2CB4 /* http_parser.h */,
				04BB87331F8DF09400DF2CB4 /* http_parser.c */,
				048659CA1F972E3700EB63BE /* test.c */,
				04BB87381F8DF16500DF2CB4 /* url_parser.c */,
			);
			path = E_HTTP;
			sourceTree = "<group>";
		};
/* End PBXGroup section */

/* Begin PBXNativeTarget section */
		04BB87281F8DF06C00DF2CB4 /* E_HTTP */ = {
			isa = PBXNativeTarget;
			buildConfigurationList = 04BB87301F8DF06C00DF2CB4 /* Build configuration list for PBXNativeTarget "E_HTTP" */;
			buildPhases = (
				04BB87251F8DF06C00DF2CB4 /* Sources */,
				04BB87261F8DF06C00DF2CB4 /* Frameworks */,
				04BB87271F8DF06C00DF2CB4 /* CopyFiles */,
			);
			buildRules = (
			);
			dependencies = (
			);
			name = E_HTTP;
			productName = E_HTTP;
			productReference = 04BB87291F8DF06C00DF2CB4 /* E_HTTP */;
			productType = "com.apple.product-type.tool";
		};
/* End PBXNativeTarget section */

/* Begin PBXProject section */
		04BB87211F8DF06C00DF2CB4 /* Project object */ = {
			isa = PBXProject;
			attributes = {
				LastUpgradeCheck = 0900;
				ORGANIZATIONNAME = Freelancer;
				TargetAttributes = {
					04BB87281F8DF06C00DF2CB4 = {
						CreatedOnToolsVersion = 9.0;
						ProvisioningStyle = Automatic;
					};
				};
			};
			buildConfigurationList = 04BB87241F8DF06C00DF2CB4 /* Build configuration list for PBXProject "E_HTTP" */;
			compatibilityVersion = "Xcode 8.0";
			developmentRegion = en;
			hasScannedForEncodings = 0;
			knownRegions = (
				en,
			);
			mainGroup = 04BB87201F8DF06C00DF2CB4;
			productRefGroup = 04BB872A1F8DF06C00DF2CB4 /* Products */;
			projectDirPath = "";
			projectRoot = "";
			targets = (
				04BB87281F8DF06C00DF2CB4 /* E_HTTP */,
			);
		};
/* End PBXProject section */

/* Begin PBXSourcesBuildPhase section */
		04BB87251F8DF06C00DF2CB4 /* Sources */ = {
			isa = PBXSourcesBuildPhase;
			buildActionMask = 2147483647;
			files = (
				04BB87391F8DF16500DF2CB4 /* url_parser.c in Sources */,
				04BB87341F8DF09400DF2CB4 /* http_parser.c in Sources */,
				04BB872D1F8DF06C00DF2CB4 /* main.c in Sources */,
				048659CB1F972E3700EB63BE /* test.c in Sources */,
			);
			runOnlyForDeploymentPostprocessing = 0;
		};
/* End PBXSourcesBuildPhase section */

/* Begin XCBuildConfiguration section */
		04BB872E1F8DF06C00DF2CB4 /* Debug */ = {
			isa = XCBuildConfiguration;
			buildSettings = {
				ALWAYS_SEARCH_USER_PATHS = NO;
				CLANG_ANALYZER_NONNULL = YES;
				CLANG_ANALYZER_NUMBER_OBJECT_CONVERSION = YES_AGGRESSIVE;
				CLANG_CXX_LANGUAGE_STANDARD = "gnu++14";
				CLANG_CXX_LIBRARY = "libc++";
				CLANG_ENABLE_MODULES = YES;
				CLANG_ENABLE_OBJC_ARC = YES;
				CLANG_WARN_BLOCK_CAPTURE_AUTORELEASING = YES;
				CLANG_WARN_BOOL_CONVERSION = YES;
				CLANG_WARN_COMMA = YES;
				CLANG_WARN_CONSTANT_CONVERSION = YES;
				CLANG_WARN_DIRECT_OBJC_ISA_USAGE = YES_ERROR;
				CLANG_WARN_DOCUMENTATION_COMMENTS = YES;
				CLANG_WARN_EMPTY_BODY = YES;
				CLANG_WARN_ENUM_CONVERSION = YES;
				CLANG_WARN_INFINITE_RECURSION = YES;
				CLANG_WARN_INT_CONVERSION = YES;
				CLANG_WARN_NON_LITERAL_NULL_CONVERSION = YES;
				CLANG_WARN_OBJC_LITERAL_CONVERSION = YES;
				CLANG_WARN_OBJC_ROOT_CLASS = YES_ERROR;
				CLANG_WARN_RANGE_LOOP_ANALYSIS = YES;
				CLANG_WARN_STRICT_PROTOTYPES = YES;
				CLANG_WARN_SUSPICIOUS_MOVE = YES;
				CLANG_WARN_UNGUARDED_AVAILABILITY = YES_AGGRESSIVE;
				CLANG_WARN_UNREACHABLE_CODE = YES;
				CLANG_WARN__DUPLICATE_METHOD_MATCH = YES;
				CODE_SIGN_IDENTITY = "Mac Developer";
				COPY_PHASE_STRIP = NO;
				DEBUG_INFORMATION_FORMAT = dwarf;
				ENABLE_STRICT_OBJC_MSGSEND = YES;
				ENABLE_TESTABILITY = YES;
				GCC_C_LANGUAGE_STANDARD = gnu11;
				GCC_DYNAMIC_NO_PIC = NO;
				GCC_NO_COMMON_BLOCKS = YES;
				GCC_OPTIMIZATION_LEVEL = 0;
				GCC_PREPROCESSOR_DEFINITIONS = (
					"DEBUG=1",
					"$(inherited)",
				);
				GCC_WARN_64_TO_32_BIT_CONVERSION = YES;
				GCC_WARN_ABOUT_RETURN_TYPE = YES_ERROR;
				GCC_WARN_UNDECLARED_SELECTOR = YES;
				GCC_WARN_UNINITIALIZED_AUTOS = YES_AGGRESSIVE;
				GCC_WARN_UNUSED_FUNCTION = YES;
				GCC_WARN_UNUSED_VARIABLE = YES;
				MACOSX_DEPLOYMENT_TARGET = 10.13;
				MTL_ENABLE_DEBUG_INFO = YES;
				ONLY_ACTIVE_ARCH = YES;
				SDKROOT = macosx;
			};
			name = Debug;
		};
		04BB872F1F8DF06C00DF2CB4 /* Release */ = {
			isa = XCBuildConfiguration;
			buildSettings = {
				ALWAYS_SEARCH_USER_PATHS = NO;
				CLANG_ANALYZER_NONNULL = YES;
				CLANG_ANALYZER_NUMBER_OBJECT_CONVERSION = YES_AGGRESSIVE;
				CLANG_CXX_LANGUAGE_STANDARD = "gnu++14";
				CLANG_CXX_LIBRARY = "libc++";
				CLANG_ENABLE_MODULES = YES;
				CLANG_ENABLE_OBJC_ARC = YES;
				CLANG_WARN_BLOCK_CAPTURE_AUTORELEASING = YES;
				CLANG_WARN_BOOL_CONVERSION = YES;
				CLANG_WARN_COMMA = YES;
				CLANG_WARN_CONSTANT_CONVERSION = YES;
				CLANG_WARN_DIRECT_OBJC_ISA_USAGE = YES_ERROR;
				CLANG_WARN_DOCUMENTATION_COMMENTS = YES;
				CLANG_WARN_EMPTY_BODY = YES;
				CLANG_WARN_ENUM_CONVERSION = YES;
				CLANG_WARN_INFINITE_RECURSION = YES;
				CLANG_WARN_INT_CONVERSION = YES;
				CLANG_WARN_NON_LITERAL_NULL_CONVERSION = YES;
				CLANG_WARN_OBJC_LITERAL_CONVERSION = YES;
				CLANG_WARN_OBJC_ROOT_CLASS = YES_ERROR;
				CLANG_WARN_RANGE_LOOP_ANALYSIS = YES;
				CLANG_WARN_STRICT_PROTOTYPES = YES;
				CLANG_WARN_SUSPICIOUS_MOVE = YES;
				CLANG_WARN_UNGUARDED_AVAILABILITY = YES_AGGRESSIVE;
				CLANG_WARN_UNREACHABLE_CODE = YES;
				CLANG_WARN__DUPLICATE_METHOD_MATCH = YES;
				CODE_SIGN_IDENTITY = "Mac Developer";
				COPY_PHASE_STRIP = NO;
				DEBUG_INFORMATION_FORMAT = "dwarf-with-dsym";
				ENABLE_NS_ASSERTIONS = NO;
				ENABLE_STRICT_OBJC_MSGSEND = YES;
				GCC_C_LANGUAGE_STANDARD = gnu11;
				GCC_NO_COMMON_BLOCKS = YES;
				GCC_WARN_64_TO_32_BIT_CONVERSION = YES;
				GCC_WARN_ABOUT_RETURN_TYPE = YES_ERROR;
				GCC_WARN_UNDECLARED_SELECTOR = YES;
				GCC_WARN_UNINITIALIZED_AUTOS = YES_AGGRESSIVE;
				GCC_WARN_UNUSED_FUNCTION = YES;
				GCC_WARN_UNUSED_VARIABLE = YES;
				MACOSX_DEPLOYMENT_TARGET = 10.13;
				MTL_ENABLE_DEBUG_INFO = NO;
				SDKROOT = macosx;
			};
			name = Release;
		};
		04BB87311F8DF06C00DF2CB4 /* Debug */ = {
			isa = XCBuildConfiguration;
			buildSettings = {
				CODE_SIGN_STYLE = Automatic;
				DEVELOPMENT_TEAM = RLA64LU5VG;
				PRODUCT_NAME = "$(TARGET_NAME)";
			};
			name = Debug;
		};
		04BB87321F8DF06C00DF2CB4 /* Release */ = {
			isa = XCBuildConfiguration;
			buildSettings = {
				CODE_SIGN_STYLE = Automatic;
				DEVELOPMENT_TEAM = RLA64LU5VG;
				PRODUCT_NAME = "$(TARGET_NAME)";
			};
			name = Release;
		};
/* End XCBuildConfiguration section */

/* Begin XCConfigurationList section */
		04BB87241F8DF06C00DF2CB4 /* Build configuration list for PBXProject "E_HTTP" */ = {
			isa = XCConfigurationList;
			buildConfigurations = (
				04BB872E1F8DF06C00DF2CB4 /* Debug */,
				04BB872F1F8DF06C00DF2CB4 /* Release */,
			);
			defaultConfigurationIsVisible = 0;
			defaultConfigurationName = Release;
		};
		04BB87301F8DF06C00DF2CB4 /* Build configuration list for PBXNativeTarget "E_HTTP" */ = {
			isa = XCConfigurationList;
			buildConfigurations = (
				04BB87311F8DF06C00DF2CB4 /* Debug */,
				04BB87321F8DF06C00DF2CB4 /* Release */,
			);
			defaultConfigurationIsVisible = 0;
			defaultConfigurationName = Release;
		};
/* End XCConfigurationList section */
	};
	rootObject = 04BB87211F8DF06C00DF2CB4 /* Project object */;
}
